{
    "name": "part_10_modules",
    "version": "1.0.0",
    "lockfileVersion": 3,
    "requires": true,
    "packages": {
        "": {
            "name": "part_10_modules",
            "version": "1.0.0",
            "license": "ISC",
            "dependencies": {
                "part_10_modules": "file:"
            }
        },
        "node_modules/part_10_modules": {
            "resolved": "",
            "link": true
        }
    }
}
